
Microsoft Visual Studio Solution File, Format Version 12.00
# Visual Studio Version 17
VisualStudioVersion = 17.14.36301.6 d17.14
MinimumVisualStudioVersion = 10.0.40219.1
Project("{FAE04EC0-301F-11D3-BF4B-00C04F79EFBC}") = "HW10.1", "HW10.1.csproj", "{69DB6872-C00D-45E6-8662-0F2DB81B9CFC}"
EndProject
Global
	GlobalSection(SolutionConfigurationPlatforms) = preSolution
		Debug|Any CPU = Debug|Any CPU
		Release|Any CPU = Release|Any CPU
	EndGlobalSection
	GlobalSection(ProjectConfigurationPlatforms) = postSolution
		{69DB6872-C00D-45E6-8662-0F2DB81B9CFC}.Debug|Any CPU.ActiveCfg = Debug|Any CPU
		{69DB6872-C00D-45E6-8662-0F2DB81B9CFC}.Debug|Any CPU.Build.0 = Debug|Any CPU
		{69DB6872-C00D-45E6-8662-0F2DB81B9CFC}.Release|Any CPU.ActiveCfg = Release|Any CPU
		{69DB6872-C00D-45E6-8662-0F2DB81B9CFC}.Release|Any CPU.Build.0 = Release|Any CPU
	EndGlobalSection
	GlobalSection(SolutionProperties) = preSolution
		HideSolutionNode = FALSE
	EndGlobalSection
	GlobalSection(ExtensibilityGlobals) = postSolution
		SolutionGuid = {487A1AFB-66CB-426B-9151-B5F6A45AF5E1}
	EndGlobalSection
EndGlobal
