
Microsoft Visual Studio Solution File, Format Version 12.00
# Visual Studio Version 17
VisualStudioVersion = 17.14.36301.6 d17.14
MinimumVisualStudioVersion = 10.0.40219.1
Project("{FAE04EC0-301F-11D3-BF4B-00C04F79EFBC}") = "HW7.1", "HW7.1.csproj", "{43070876-3121-4AF9-B84D-C7C70A73E5D4}"
EndProject
Global
	GlobalSection(SolutionConfigurationPlatforms) = preSolution
		Debug|Any CPU = Debug|Any CPU
		Release|Any CPU = Release|Any CPU
	EndGlobalSection
	GlobalSection(ProjectConfigurationPlatforms) = postSolution
		{43070876-3121-4AF9-B84D-C7C70A73E5D4}.Debug|Any CPU.ActiveCfg = Debug|Any CPU
		{43070876-3121-4AF9-B84D-C7C70A73E5D4}.Debug|Any CPU.Build.0 = Debug|Any CPU
		{43070876-3121-4AF9-B84D-C7C70A73E5D4}.Release|Any CPU.ActiveCfg = Release|Any CPU
		{43070876-3121-4AF9-B84D-C7C70A73E5D4}.Release|Any CPU.Build.0 = Release|Any CPU
	EndGlobalSection
	GlobalSection(SolutionProperties) = preSolution
		HideSolutionNode = FALSE
	EndGlobalSection
	GlobalSection(ExtensibilityGlobals) = postSolution
		SolutionGuid = {2FE115F2-E8AE-4D10-B8FB-CA68BD6EC8E4}
	EndGlobalSection
EndGlobal
